// !$*UTF8*$!
{
	archiveVersion = 1;
	classes = {
	};
	objectVersion = 50;
	objects = {

/* Begin PBXBuildFile section */
		04559F6327DB7BE800B8972A /* AppDelegate.swift in Sources */ = {isa = PBXBuildFile; fileRef = 04559F6227DB7BE800B8972A /* AppDelegate.swift */; };
		04559F6527DB7BE800B8972A /* SceneDelegate.swift in Sources */ = {isa = PBXBuildFile; fileRef = 04559F6427DB7BE800B8972A /* SceneDelegate.swift */; };
		04559F6727DB7BE800B8972A /* ContentView.swift in Sources */ = {isa = PBXBuildFile; fileRef = 04559F6627DB7BE800B8972A /* ContentView.swift */; };
		04559F6927DB7BE900B8972A /* Assets.xcassets in Resources */ = {isa = PBXBuildFile; fileRef = 04559F6827DB7BE900B8972A /* Assets.xcassets */; };
		04559F6C27DB7BE900B8972A /* Preview Assets.xcassets in Resources */ = {isa = PBXBuildFile; fileRef = 04559F6B27DB7BE900B8972A /* Preview Assets.xcassets */; };
		04559F6F27DB7BE900B8972A /* LaunchScreen.storyboard in Resources */ = {isa = PBXBuildFile; fileRef = 04559F6D27DB7BE900B8972A /* LaunchScreen.storyboard */; };
/* End PBXBuildFile section */

/* Begin PBXFileReference section */
		04559F5F27DB7BE800B8972A /* lab3_t2.app */ = {isa = PBXFileReference; explicitFileType = wrapper.application; includeInIndex = 0; path = lab3_t2.app; sourceTree = BUILT_PRODUCTS_DIR; };
		04559F6227DB7BE800B8972A /* AppDelegate.swift */ = {isa = PBXFileReference; lastKnownFileType = sourcecode.swift; path = AppDelegate.swift; sourceTree = "<group>"; };
		04559F6427DB7BE800B8972A /* SceneDelegate.swift */ = {isa = PBXFileReference; lastKnownFileType = sourcecode.swift; path = SceneDelegate.swift; sourceTree = "<group>"; };
		04559F6627DB7BE800B8972A /* ContentView.swift */ = {isa = PBXFileReference; lastKnownFileType = sourcecode.swift; path = ContentView.swift; sourceTree = "<group>"; };
		04559F6827DB7BE900B8972A /* Assets.xcassets */ = {isa = PBXFileReference; lastKnownFileType = folder.assetcatalog; path = Assets.xcassets; sourceTree = "<group>"; };
		04559F6B27DB7BE900B8972A /* Preview Assets.xcassets */ = {isa = PBXFileReference; lastKnownFileType = folder.assetcatalog; path = "Preview Assets.xcassets"; sourceTree = "<group>"; };
		04559F6E27DB7BE900B8972A /* Base */ = {isa = PBXFileReference; lastKnownFileType = file.storyboard; name = Base; path = Base.lproj/LaunchScreen.storyboard; sourceTree = "<group>"; };
		04559F7027DB7BE900B8972A /* Info.plist */ = {isa = PBXFileReference; lastKnownFileType = text.plist.xml; path = Info.plist; sourceTree = "<group>"; };
/* End PBXFileReference section */

/* Begin PBXFrameworksBuildPhase section */
		04559F5C27DB7BE800B8972A /* Frameworks */ = {
			isa = PBXFrameworksBuildPhase;
			buildActionMask = 2147483647;
			files = (
			);
			runOnlyForDeploymentPostprocessing = 0;
		};
/* End PBXFrameworksBuildPhase section */

/* Begin PBXGroup section */
		04559F5627DB7BE800B8972A = {
			isa = PBXGroup;
			children = (
				04559F6127DB7BE800B8972A /* lab3_t2 */,
				04559F6027DB7BE800B8972A /* Products */,
			);
			sourceTree = "<group>";
		};
		04559F6027DB7BE800B8972A /* Products */ = {
			isa = PBXGroup;
			children = (
				04559F5F27DB7BE800B8972A /* lab3_t2.app */,
			);
			name = Products;
			sourceTree = "<group>";
		};
		04559F6127DB7BE800B8972A /* lab3_t2 */ = {
			isa = PBXGroup;
			children = (
				04559F6227DB7BE800B8972A /* AppDelegate.swift */,
				04559F6427DB7BE800B8972A /* SceneDelegate.swift */,
				04559F6627DB7BE800B8972A /* ContentView.swift */,
				04559F6827DB7BE900B8972A /* Assets.xcassets */,
				04559F6D27DB7BE900B8972A /* LaunchScreen.storyboard */,
				04559F7027DB7BE900B8972A /* Info.plist */,
				04559F6A27DB7BE900B8972A /* Preview Content */,
			);
			path = lab3_t2;
			sourceTree = "<group>";
		};
		04559F6A27DB7BE900B8972A /* Preview Content */ = {
			isa = PBXGroup;
			children = (
				04559F6B27DB7BE900B8972A /* Preview Assets.xcassets */,
			);
			path = "Preview Content";
			sourceTree = "<group>";
		};
/* End PBXGroup section */

/* Begin PBXNativeTarget section */
		04559F5E27DB7BE800B8972A /* lab3_t2 */ = {
			isa = PBXNativeTarget;
			buildConfigurationList = 04559F7327DB7BE900B8972A /* Build configuration list for PBXNativeTarget "lab3_t2" */;
			buildPhases = (
				04559F5B27DB7BE800B8972A /* Sources */,
				04559F5C27DB7BE800B8972A /* Frameworks */,
				04559F5D27DB7BE800B8972A /* Resources */,
			);
			buildRules = (
			);
			dependencies = (
			);
			name = lab3_t2;
			productName = lab3_t2;
			productReference = 04559F5F27DB7BE800B8972A /* lab3_t2.app */;
			productType = "com.apple.product-type.application";
		};
/* End PBXNativeTarget section */

/* Begin PBXProject section */
		04559F5727DB7BE800B8972A /* Project object */ = {
			isa = PBXProject;
			attributes = {
				LastSwiftUpdateCheck = 1130;
				LastUpgradeCheck = 1130;
				ORGANIZATIONNAME = mac;
				TargetAttributes = {
					04559F5E27DB7BE800B8972A = {
						CreatedOnToolsVersion = 11.3.1;
					};
				};
			};
			buildConfigurationList = 04559F5A27DB7BE800B8972A /* Build configuration list for PBXProject "lab3_t2" */;
			compatibilityVersion = "Xcode 9.3";
			developmentRegion = en;
			hasScannedForEncodings = 0;
			knownRegions = (
				en,
				Base,
			);
			mainGroup = 04559F5627DB7BE800B8972A;
			productRefGroup = 04559F6027DB7BE800B8972A /* Products */;
			projectDirPath = "";
			projectRoot = "";
			targets = (
				04559F5E27DB7BE800B8972A /* lab3_t2 */,
			);
		};
/* End PBXProject section */

/* Begin PBXResourcesBuildPhase section */
		04559F5D27DB7BE800B8972A /* Resources */ = {
			isa = PBXResourcesBuildPhase;
			buildActionMask = 2147483647;
			files = (
				04559F6F27DB7BE900B8972A /* LaunchScreen.storyboard in Resources */,
				04559F6C27DB7BE900B8972A /* Preview Assets.xcassets in Resources */,
				04559F6927DB7BE900B8972A /* Assets.xcassets in Resources */,
			);
			runOnlyForDeploymentPostprocessing = 0;
		};
/* End PBXResourcesBuildPhase section */

/* Begin PBXSourcesBuildPhase section */
		04559F5B27DB7BE800B8972A /* Sources */ = {
			isa = PBXSourcesBuildPhase;
			buildActionMask = 2147483647;
			files = (
				04559F6327DB7BE800B8972A /* AppDelegate.swift in Sources */,
				04559F6527DB7BE800B8972A /* SceneDelegate.swift in Sources */,
				04559F6727DB7BE800B8972A /* ContentView.swift in Sources */,
			);
			runOnlyForDeploymentPostprocessing = 0;
		};
/* End PBXSourcesBuildPhase section */

/* Begin PBXVariantGroup section */
		04559F6D27DB7BE900B8972A /* LaunchScreen.storyboard */ = {
			isa = PBXVariantGroup;
			children = (
				04559F6E27DB7BE900B8972A /* Base */,
			);
			name = LaunchScreen.storyboard;
			sourceTree = "<group>";
		};
/* End PBXVariantGroup section */

/* Begin XCBuildConfiguration section */
		04559F7127DB7BE900B8972A /* Debug */ = {
			isa = XCBuildConfiguration;
			buildSettings = {
				ALWAYS_SEARCH_USER_PATHS = NO;
				CLANG_ANALYZER_NONNULL = YES;
				CLANG_ANALYZER_NUMBER_OBJECT_CONVERSION = YES_AGGRESSIVE;
				CLANG_CXX_LANGUAGE_STANDARD = "gnu++14";
				CLANG_CXX_LIBRARY = "libc++";
				CLANG_ENABLE_MODULES = YES;
				CLANG_ENABLE_OBJC_ARC = YES;
				CLANG_ENABLE_OBJC_WEAK = YES;
				CLANG_WARN_BLOCK_CAPTURE_AUTORELEASING = YES;
				CLANG_WARN_BOOL_CONVERSION = YES;
				CLANG_WARN_COMMA = YES;
				CLANG_WARN_CONSTANT_CONVERSION = YES;
				CLANG_WARN_DEPRECATED_OBJC_IMPLEMENTATIONS = YES;
				CLANG_WARN_DIRECT_OBJC_ISA_USAGE = YES_ERROR;
				CLANG_WARN_DOCUMENTATION_COMMENTS = YES;
				CLANG_WARN_EMPTY_BODY = YES;
				CLANG_WARN_ENUM_CONVERSION = YES;
				CLANG_WARN_INFINITE_RECURSION = YES;
				CLANG_WARN_INT_CONVERSION = YES;
				CLANG_WARN_NON_LITERAL_NULL_CONVERSION = YES;
				CLANG_WARN_OBJC_IMPLICIT_RETAIN_SELF = YES;
				CLANG_WARN_OBJC_LITERAL_CONVERSION = YES;
				CLANG_WARN_OBJC_ROOT_CLASS = YES_ERROR;
				CLANG_WARN_RANGE_LOOP_ANALYSIS = YES;
				CLANG_WARN_STRICT_PROTOTYPES = YES;
				CLANG_WARN_SUSPICIOUS_MOVE = YES;
				CLANG_WARN_UNGUARDED_AVAILABILITY = YES_AGGRESSIVE;
				CLANG_WARN_UNREACHABLE_CODE = YES;
				CLANG_WARN__DUPLICATE_METHOD_MATCH = YES;
				COPY_PHASE_STRIP = NO;
				DEBUG_INFORMATION_FORMAT = dwarf;
				ENABLE_STRICT_OBJC_MSGSEND = YES;
				ENABLE_TESTABILITY = YES;
				GCC_C_LANGUAGE_STANDARD = gnu11;
				GCC_DYNAMIC_NO_PIC = NO;
				GCC_NO_COMMON_BLOCKS = YES;
				GCC_OPTIMIZATION_LEVEL = 0;
				GCC_PREPROCESSOR_DEFINITIONS = (
					"DEBUG=1",
					"$(inherited)",
				);
				GCC_WARN_64_TO_32_BIT_CONVERSION = YES;
				GCC_WARN_ABOUT_RETURN_TYPE = YES_ERROR;
				GCC_WARN_UNDECLARED_SELECTOR = YES;
				GCC_WARN_UNINITIALIZED_AUTOS = YES_AGGRESSIVE;
				GCC_WARN_UNUSED_FUNCTION = YES;
				GCC_WARN_UNUSED_VARIABLE = YES;
				IPHONEOS_DEPLOYMENT_TARGET = 13.2;
				MTL_ENABLE_DEBUG_INFO = INCLUDE_SOURCE;
				MTL_FAST_MATH = YES;
				ONLY_ACTIVE_ARCH = YES;
				SDKROOT = iphoneos;
				SWIFT_ACTIVE_COMPILATION_CONDITIONS = DEBUG;
				SWIFT_OPTIMIZATION_LEVEL = "-Onone";
			};
			name = Debug;
		};
		04559F7227DB7BE900B8972A /* Release */ = {
			isa = XCBuildConfiguration;
			buildSettings = {
				ALWAYS_SEARCH_USER_PATHS = NO;
				CLANG_ANALYZER_NONNULL = YES;
				CLANG_ANALYZER_NUMBER_OBJECT_CONVERSION = YES_AGGRESSIVE;
				CLANG_CXX_LANGUAGE_STANDARD = "gnu++14";
				CLANG_CXX_LIBRARY = "libc++";
				CLANG_ENABLE_MODULES = YES;
				CLANG_ENABLE_OBJC_ARC = YES;
				CLANG_ENABLE_OBJC_WEAK = YES;
				CLANG_WARN_BLOCK_CAPTURE_AUTORELEASING = YES;
				CLANG_WARN_BOOL_CONVERSION = YES;
				CLANG_WARN_COMMA = YES;
				CLANG_WARN_CONSTANT_CONVERSION = YES;
				CLANG_WARN_DEPRECATED_OBJC_IMPLEMENTATIONS = YES;
				CLANG_WARN_DIRECT_OBJC_ISA_USAGE = YES_ERROR;
				CLANG_WARN_DOCUMENTATION_COMMENTS = YES;
				CLANG_WARN_EMPTY_BODY = YES;
				CLANG_WARN_ENUM_CONVERSION = YES;
				CLANG_WARN_INFINITE_RECURSION = YES;
				CLANG_WARN_INT_CONVERSION = YES;
				CLANG_WARN_NON_LITERAL_NULL_CONVERSION = YES;
				CLANG_WARN_OBJC_IMPLICIT_RETAIN_SELF = YES;
				CLANG_WARN_OBJC_LITERAL_CONVERSION = YES;
				CLANG_WARN_OBJC_ROOT_CLASS = YES_ERROR;
				CLANG_WARN_RANGE_LOOP_ANALYSIS = YES;
				CLANG_WARN_STRICT_PROTOTYPES = YES;
				CLANG_WARN_SUSPICIOUS_MOVE = YES;
				CLANG_WARN_UNGUARDED_AVAILABILITY = YES_AGGRESSIVE;
				CLANG_WARN_UNREACHABLE_CODE = YES;
				CLANG_WARN__DUPLICATE_METHOD_MATCH = YES;
				COPY_PHASE_STRIP = NO;
				DEBUG_INFORMATION_FORMAT = "dwarf-with-dsym";
				ENABLE_NS_ASSERTIONS = NO;
				ENABLE_STRICT_OBJC_MSGSEND = YES;
				GCC_C_LANGUAGE_STANDARD = gnu11;
				GCC_NO_COMMON_BLOCKS = YES;
				GCC_WARN_64_TO_32_BIT_CONVERSION = YES;
				GCC_WARN_ABOUT_RETURN_TYPE = YES_ERROR;
				GCC_WARN_UNDECLARED_SELECTOR = YES;
				GCC_WARN_UNINITIALIZED_AUTOS = YES_AGGRESSIVE;
				GCC_WARN_UNUSED_FUNCTION = YES;
				GCC_WARN_UNUSED_VARIABLE = YES;
				IPHONEOS_DEPLOYMENT_TARGET = 13.2;
				MTL_ENABLE_DEBUG_INFO = NO;
				MTL_FAST_MATH = YES;
				SDKROOT = iphoneos;
				SWIFT_COMPILATION_MODE = wholemodule;
				SWIFT_OPTIMIZATION_LEVEL = "-O";
				VALIDATE_PRODUCT = YES;
			};
			name = Release;
		};
		04559F7427DB7BE900B8972A /* Debug */ = {
			isa = XCBuildConfiguration;
			buildSettings = {
				ASSETCATALOG_COMPILER_APPICON_NAME = AppIcon;
				CODE_SIGN_STYLE = Automatic;
				DEVELOPMENT_ASSET_PATHS = "\"lab3_t2/Preview Content\"";
				ENABLE_PREVIEWS = YES;
				INFOPLIST_FILE = lab3_t2/Info.plist;
				LD_RUNPATH_SEARCH_PATHS = (
					"$(inherited)",
					"@executable_path/Frameworks",
				);
				PRODUCT_BUNDLE_IDENTIFIER = "mac.lab3-t2";
				PRODUCT_NAME = "$(TARGET_NAME)";
				SWIFT_VERSION = 5.0;
				TARGETED_DEVICE_FAMILY = "1,2";
			};
			name = Debug;
		};
		04559F7527DB7BE900B8972A /* Release */ = {
			isa = XCBuildConfiguration;
			buildSettings = {
				ASSETCATALOG_COMPILER_APPICON_NAME = AppIcon;
				CODE_SIGN_STYLE = Automatic;
				DEVELOPMENT_ASSET_PATHS = "\"lab3_t2/Preview Content\"";
				ENABLE_PREVIEWS = YES;
				INFOPLIST_FILE = lab3_t2/Info.plist;
				LD_RUNPATH_SEARCH_PATHS = (
					"$(inherited)",
					"@executable_path/Frameworks",
				);
				PRODUCT_BUNDLE_IDENTIFIER = "mac.lab3-t2";
				PRODUCT_NAME = "$(TARGET_NAME)";
				SWIFT_VERSION = 5.0;
				TARGETED_DEVICE_FAMILY = "1,2";
			};
			name = Release;
		};
/* End XCBuildConfiguration section */

/* Begin XCConfigurationList section */
		04559F5A27DB7BE800B8972A /* Build configuration list for PBXProject "lab3_t2" */ = {
			isa = XCConfigurationList;
			buildConfigurations = (
				04559F7127DB7BE900B8972A /* Debug */,
				04559F7227DB7BE900B8972A /* Release */,
			);
			defaultConfigurationIsVisible = 0;
			defaultConfigurationName = Release;
		};
		04559F7327DB7BE900B8972A /* Build configuration list for PBXNativeTarget "lab3_t2" */ = {
			isa = XCConfigurationList;
			buildConfigurations = (
				04559F7427DB7BE900B8972A /* Debug */,
				04559F7527DB7BE900B8972A /* Release */,
			);
			defaultConfigurationIsVisible = 0;
			defaultConfigurationName = Release;
		};
/* End XCConfigurationList section */
	};
	rootObject = 04559F5727DB7BE800B8972A /* Project object */;
}
