<?xml version="1.0" encoding="UTF-8"?>
<Scheme
   version = "1.3">
   <BuildAction>
      <BuildActionEntries>
         <BuildActionEntry
            buildForRunning = "YES">
            <BuildableReference
               BuildableIdentifier = "primary"
               BlueprintIdentifier = "1A54FE2F2ACB2CAD8184F565"
               BuildableName = "lab1_t3.app"
               BlueprintName = "lab1_t3"
               ReferencedContainer = "container:lab1_t3.xcodeproj">
            </BuildableReference>
         </BuildActionEntry>
      </BuildActionEntries>
   </BuildAction>
   <LaunchAction
      useCustomWorkingDirectory = "NO"
      buildConfiguration = "Debug"
      allowLocationSimulation = "YES">
      <BuildableProductRunnable>
         <BuildableReference
            BuildableIdentifier = "primary"
            BlueprintIdentifier = "1A54FE2F2ACB2CAD8184F565"
            BuildableName = "lab1_t3.app"
            BlueprintName = "lab1_t3"
            ReferencedContainer = "container:lab1_t3.xcodeproj">
         </BuildableReference>
      </BuildableProductRunnable>
   </LaunchAction>
</Scheme>
