// !$*UTF8*$!
{
	archiveVersion = 1;
	classes = {
	};
	objectVersion = 46;
	objects = {

/* Begin PBXBuildFile section */
		1A54F17355A0FD60F6800F3C /* SceneDelegate.swift in Sources */ = {isa = PBXBuildFile; fileRef = 1A54F96F924F7411FE37C19A /* SceneDelegate.swift */; };
		1A54F3F55C1C2A753AC5CDDF /* LaunchScreen.storyboard in Resources */ = {isa = PBXBuildFile; fileRef = 1A54F90A59AF1B37A5BFDCB9 /* LaunchScreen.storyboard */; };
		1A54F799C4A3B23EC6F456FE /* Assets.xcassets in Resources */ = {isa = PBXBuildFile; fileRef = 1A54FBC2988D1D7FEE63630A /* Assets.xcassets */; };
		1A54F927D966C9F0E89590ED /* AppDelegate.swift in Sources */ = {isa = PBXBuildFile; fileRef = 1A54FEA9E429C4880E044A60 /* AppDelegate.swift */; };
		1A54FA4578F407DB6B3F9175 /* Preview Assets.xcassets in Resources */ = {isa = PBXBuildFile; fileRef = 1A54F12675534C8D14A476B5 /* Preview Assets.xcassets */; };
		1A54FE99981FEDEAD383736D /* ContentView.swift in Sources */ = {isa = PBXBuildFile; fileRef = 1A54F78EF0587A4D66946843 /* ContentView.swift */; };
/* End PBXBuildFile section */

/* Begin PBXFileReference section */
		1A54F12675534C8D14A476B5 /* Preview Assets.xcassets */ = {isa = PBXFileReference; lastKnownFileType = folder.assetcatalog; path = "Preview Assets.xcassets"; sourceTree = "<group>"; };
		1A54F465A3E6FCA43881F082 /* lab1_t1-2.app */ = {isa = PBXFileReference; explicitFileType = wrapper.application; includeInIndex = 0; path = "lab1_t1-2.app"; sourceTree = BUILT_PRODUCTS_DIR; };
		1A54F4C336C37D4967F53DB2 /* Base */ = {isa = PBXFileReference; lastKnownFileType = file.storyboard; name = Base; path = Base.lproj/LaunchScreen.storyboard; sourceTree = "<group>"; };
		1A54F78EF0587A4D66946843 /* ContentView.swift */ = {isa = PBXFileReference; lastKnownFileType = sourcecode.swift; path = ContentView.swift; sourceTree = "<group>"; };
		1A54F96F924F7411FE37C19A /* SceneDelegate.swift */ = {isa = PBXFileReference; lastKnownFileType = sourcecode.swift; path = SceneDelegate.swift; sourceTree = "<group>"; };
		1A54FBC2988D1D7FEE63630A /* Assets.xcassets */ = {isa = PBXFileReference; lastKnownFileType = folder.assetcatalog; path = Assets.xcassets; sourceTree = "<group>"; };
		1A54FEA9E429C4880E044A60 /* AppDelegate.swift */ = {isa = PBXFileReference; lastKnownFileType = sourcecode.swift; path = AppDelegate.swift; sourceTree = "<group>"; };
		1A54FF8585D9F899B04B9AA8 /* Info.plist */ = {isa = PBXFileReference; lastKnownFileType = text.plist.info; path = Info.plist; sourceTree = "<group>"; };
/* End PBXFileReference section */

/* Begin PBXFrameworksBuildPhase section */
		1A54F5161B4ED73F6A41473A /* Frameworks */ = {
			isa = PBXFrameworksBuildPhase;
			buildActionMask = 2147483647;
			files = (
			);
			runOnlyForDeploymentPostprocessing = 0;
		};
/* End PBXFrameworksBuildPhase section */

/* Begin PBXGroup section */
		1A54F358187F7F0114B42EF0 = {
			isa = PBXGroup;
			children = (
				1A54FD3ACCFE39A3CD423B76 /* Products */,
				1A54FA7E79C5EB5288538341 /* lab1_t1-2 */,
			);
			sourceTree = "<group>";
		};
		1A54FA7E79C5EB5288538341 /* lab1_t1-2 */ = {
			isa = PBXGroup;
			children = (
				1A54FF8585D9F899B04B9AA8 /* Info.plist */,
				1A54FBC2988D1D7FEE63630A /* Assets.xcassets */,
				1A54F90A59AF1B37A5BFDCB9 /* LaunchScreen.storyboard */,
				1A54FEA9E429C4880E044A60 /* AppDelegate.swift */,
				1A54F96F924F7411FE37C19A /* SceneDelegate.swift */,
				1A54F78EF0587A4D66946843 /* ContentView.swift */,
				1A54FB46DE6971BFB27130C2 /* Preview Content */,
			);
			path = "lab1_t1-2";
			sourceTree = "<group>";
		};
		1A54FB46DE6971BFB27130C2 /* Preview Content */ = {
			isa = PBXGroup;
			children = (
				1A54F12675534C8D14A476B5 /* Preview Assets.xcassets */,
			);
			path = "Preview Content";
			sourceTree = "<group>";
		};
		1A54FD3ACCFE39A3CD423B76 /* Products */ = {
			isa = PBXGroup;
			children = (
				1A54F465A3E6FCA43881F082 /* lab1_t1-2.app */,
			);
			name = Products;
			sourceTree = "<group>";
		};
/* End PBXGroup section */

/* Begin PBXNativeTarget section */
		1A54F70E8A766785162109A9 /* lab1_t1-2 */ = {
			isa = PBXNativeTarget;
			buildConfigurationList = 1A54FC6FCF05AB3ED7F68B20 /* Build configuration list for PBXNativeTarget "lab1_t1-2" */;
			buildPhases = (
				1A54F26929BD91EF9F86FB8B /* Sources */,
				1A54F5161B4ED73F6A41473A /* Frameworks */,
				1A54FFB6C9F791EB4E34B724 /* Resources */,
			);
			buildRules = (
			);
			dependencies = (
			);
			name = "lab1_t1-2";
			productName = "lab1_t1-2";
			productReference = 1A54F465A3E6FCA43881F082 /* lab1_t1-2.app */;
			productType = "com.apple.product-type.application";
		};
/* End PBXNativeTarget section */

/* Begin PBXProject section */
		1A54F6E22BD7E7C37C5F2866 /* Project object */ = {
			isa = PBXProject;
			attributes = {
				ORGANIZATIONNAME = "___FULLUSERNAME___";
			};
			buildConfigurationList = 1A54FFE90EE83F20A5E8D6F1 /* Build configuration list for PBXProject "lab1_t1-2" */;
			compatibilityVersion = "Xcode 3.2";
			developmentRegion = English;
			hasScannedForEncodings = 0;
			knownRegions = (
				en,
			);
			mainGroup = 1A54F358187F7F0114B42EF0;
			productRefGroup = 1A54FD3ACCFE39A3CD423B76 /* Products */;
			projectDirPath = "";
			projectRoot = "";
			targets = (
				1A54F70E8A766785162109A9 /* lab1_t1-2 */,
			);
		};
/* End PBXProject section */

/* Begin PBXResourcesBuildPhase section */
		1A54FFB6C9F791EB4E34B724 /* Resources */ = {
			isa = PBXResourcesBuildPhase;
			buildActionMask = 2147483647;
			files = (
				1A54F799C4A3B23EC6F456FE /* Assets.xcassets in Resources */,
				1A54F3F55C1C2A753AC5CDDF /* LaunchScreen.storyboard in Resources */,
				1A54FA4578F407DB6B3F9175 /* Preview Assets.xcassets in Resources */,
			);
			runOnlyForDeploymentPostprocessing = 0;
		};
/* End PBXResourcesBuildPhase section */

/* Begin PBXSourcesBuildPhase section */
		1A54F26929BD91EF9F86FB8B /* Sources */ = {
			isa = PBXSourcesBuildPhase;
			buildActionMask = 2147483647;
			files = (
				1A54F927D966C9F0E89590ED /* AppDelegate.swift in Sources */,
				1A54F17355A0FD60F6800F3C /* SceneDelegate.swift in Sources */,
				1A54FE99981FEDEAD383736D /* ContentView.swift in Sources */,
			);
			runOnlyForDeploymentPostprocessing = 0;
		};
/* End PBXSourcesBuildPhase section */

/* Begin PBXVariantGroup section */
		1A54F90A59AF1B37A5BFDCB9 /* LaunchScreen.storyboard */ = {
			isa = PBXVariantGroup;
			children = (
				1A54F4C336C37D4967F53DB2 /* Base */,
			);
			name = LaunchScreen.storyboard;
			sourceTree = "<group>";
		};
/* End PBXVariantGroup section */

/* Begin XCBuildConfiguration section */
		1A54F469BEA03C96A3623208 /* Release */ = {
			isa = XCBuildConfiguration;
			buildSettings = {
				ALWAYS_SEARCH_USER_PATHS = NO;
				CLANG_ANALYZER_NONNULL = YES;
				CLANG_ANALYZER_NUMBER_OBJECT_CONVERSION = YES_AGGRESSIVE;
				CLANG_CXX_LANGUAGE_STANDARD = "gnu++14";
				CLANG_CXX_LIBRARY = "libc++";
				CLANG_ENABLE_MODULES = YES;
				CLANG_ENABLE_OBJC_ARC = YES;
				CLANG_ENABLE_OBJC_WEAK = YES;
				CLANG_WARN_BLOCK_CAPTURE_AUTORELEASING = YES;
				CLANG_WARN_BOOL_CONVERSION = YES;
				CLANG_WARN_COMMA = YES;
				CLANG_WARN_CONSTANT_CONVERSION = YES;
				CLANG_WARN_DEPRECATED_OBJC_IMPLEMENTATIONS = YES;
				CLANG_WARN_DIRECT_OBJC_ISA_USAGE = YES_ERROR;
				CLANG_WARN_DOCUMENTATION_COMMENTS = YES;
				CLANG_WARN_EMPTY_BODY = YES;
				CLANG_WARN_ENUM_CONVERSION = YES;
				CLANG_WARN_INFINITE_RECURSION = YES;
				CLANG_WARN_INT_CONVERSION = YES;
				CLANG_WARN_NON_LITERAL_NULL_CONVERSION = YES;
				CLANG_WARN_OBJC_IMPLICIT_RETAIN_SELF = YES;
				CLANG_WARN_OBJC_LITERAL_CONVERSION = YES;
				CLANG_WARN_OBJC_ROOT_CLASS = YES_ERROR;
				CLANG_WARN_RANGE_LOOP_ANALYSIS = YES;
				CLANG_WARN_STRICT_PROTOTYPES = YES;
				CLANG_WARN_SUSPICIOUS_MOVE = YES;
				CLANG_WARN_UNGUARDED_AVAILABILITY = YES_AGGRESSIVE;
				CLANG_WARN_UNREACHABLE_CODE = YES;
				CLANG_WARN__DUPLICATE_METHOD_MATCH = YES;
				COPY_PHASE_STRIP = NO;
				DEBUG_INFORMATION_FORMAT = "dwarf-with-dsym";
				ENABLE_NS_ASSERTIONS = NO;
				ENABLE_STRICT_OBJC_MSGSEND = YES;
				GCC_C_LANGUAGE_STANDARD = gnu11;
				GCC_NO_COMMON_BLOCKS = YES;
				GCC_WARN_64_TO_32_BIT_CONVERSION = YES;
				GCC_WARN_ABOUT_RETURN_TYPE = YES_ERROR;
				GCC_WARN_UNDECLARED_SELECTOR = YES;
				GCC_WARN_UNINITIALIZED_AUTOS = YES_AGGRESSIVE;
				GCC_WARN_UNUSED_FUNCTION = YES;
				GCC_WARN_UNUSED_VARIABLE = YES;
				IPHONEOS_DEPLOYMENT_TARGET = 13.2;
				MTL_ENABLE_DEBUG_INFO = NO;
				MTL_FAST_MATH = YES;
				SDKROOT = iphoneos;
				SWIFT_COMPILATION_MODE = wholemodule;
				SWIFT_OPTIMIZATION_LEVEL = "-O";
				VALIDATE_PRODUCT = YES;
			};
			name = Release;
		};
		1A54F93BE8F58D4E8F04643B /* Debug */ = {
			isa = XCBuildConfiguration;
			buildSettings = {
				ASSETCATALOG_COMPILER_APPICON_NAME = AppIcon;
				DEVELOPMENT_ASSET_PATHS = "\"lab1_t1-2/Preview Content\"";
				ENABLE_PREVIEWS = YES;
				INFOPLIST_FILE = "lab1_t1-2/Info.plist";
				LD_RUNPATH_SEARCH_PATHS = "$(inherited) @executable_path/Frameworks";
				PRODUCT_BUNDLE_IDENTIFIER = "d.lab1-t1-2";
				PRODUCT_NAME = "$(TARGET_NAME)";
				SWIFT_VERSION = 5.0;
				TARGETED_DEVICE_FAMILY = "1,2";
			};
			name = Debug;
		};
		1A54F9F2E9FEE2EE285BC45E /* Debug */ = {
			isa = XCBuildConfiguration;
			buildSettings = {
				ALWAYS_SEARCH_USER_PATHS = NO;
				CLANG_ANALYZER_NONNULL = YES;
				CLANG_ANALYZER_NUMBER_OBJECT_CONVERSION = YES_AGGRESSIVE;
				CLANG_CXX_LANGUAGE_STANDARD = "gnu++14";
				CLANG_CXX_LIBRARY = "libc++";
				CLANG_ENABLE_MODULES = YES;
				CLANG_ENABLE_OBJC_ARC = YES;
				CLANG_ENABLE_OBJC_WEAK = YES;
				CLANG_WARN_BLOCK_CAPTURE_AUTORELEASING = YES;
				CLANG_WARN_BOOL_CONVERSION = YES;
				CLANG_WARN_COMMA = YES;
				CLANG_WARN_CONSTANT_CONVERSION = YES;
				CLANG_WARN_DEPRECATED_OBJC_IMPLEMENTATIONS = YES;
				CLANG_WARN_DIRECT_OBJC_ISA_USAGE = YES_ERROR;
				CLANG_WARN_DOCUMENTATION_COMMENTS = YES;
				CLANG_WARN_EMPTY_BODY = YES;
				CLANG_WARN_ENUM_CONVERSION = YES;
				CLANG_WARN_INFINITE_RECURSION = YES;
				CLANG_WARN_INT_CONVERSION = YES;
				CLANG_WARN_NON_LITERAL_NULL_CONVERSION = YES;
				CLANG_WARN_OBJC_IMPLICIT_RETAIN_SELF = YES;
				CLANG_WARN_OBJC_LITERAL_CONVERSION = YES;
				CLANG_WARN_OBJC_ROOT_CLASS = YES_ERROR;
				CLANG_WARN_RANGE_LOOP_ANALYSIS = YES;
				CLANG_WARN_STRICT_PROTOTYPES = YES;
				CLANG_WARN_SUSPICIOUS_MOVE = YES;
				CLANG_WARN_UNGUARDED_AVAILABILITY = YES_AGGRESSIVE;
				CLANG_WARN_UNREACHABLE_CODE = YES;
				CLANG_WARN__DUPLICATE_METHOD_MATCH = YES;
				COPY_PHASE_STRIP = NO;
				DEBUG_INFORMATION_FORMAT = dwarf;
				ENABLE_STRICT_OBJC_MSGSEND = YES;
				ENABLE_TESTABILITY = YES;
				GCC_C_LANGUAGE_STANDARD = gnu11;
				GCC_DYNAMIC_NO_PIC = NO;
				GCC_NO_COMMON_BLOCKS = YES;
				GCC_OPTIMIZATION_LEVEL = 0;
				GCC_PREPROCESSOR_DEFINITIONS = (
					"DEBUG=1",
					"$(inherited)",
				);
				GCC_WARN_64_TO_32_BIT_CONVERSION = YES;
				GCC_WARN_ABOUT_RETURN_TYPE = YES_ERROR;
				GCC_WARN_UNDECLARED_SELECTOR = YES;
				GCC_WARN_UNINITIALIZED_AUTOS = YES_AGGRESSIVE;
				GCC_WARN_UNUSED_FUNCTION = YES;
				GCC_WARN_UNUSED_VARIABLE = YES;
				IPHONEOS_DEPLOYMENT_TARGET = 13.2;
				MTL_ENABLE_DEBUG_INFO = INCLUDE_SOURCE;
				MTL_FAST_MATH = YES;
				ONLY_ACTIVE_ARCH = YES;
				SDKROOT = iphoneos;
				SWIFT_ACTIVE_COMPILATION_CONDITIONS = DEBUG;
				SWIFT_OPTIMIZATION_LEVEL = "-Onone";
			};
			name = Debug;
		};
		1A54FEDDBAF295D2BA41B1D6 /* Release */ = {
			isa = XCBuildConfiguration;
			buildSettings = {
				ASSETCATALOG_COMPILER_APPICON_NAME = AppIcon;
				DEVELOPMENT_ASSET_PATHS = "\"lab1_t1-2/Preview Content\"";
				ENABLE_PREVIEWS = YES;
				INFOPLIST_FILE = "lab1_t1-2/Info.plist";
				LD_RUNPATH_SEARCH_PATHS = "$(inherited) @executable_path/Frameworks";
				PRODUCT_BUNDLE_IDENTIFIER = "d.lab1-t1-2";
				PRODUCT_NAME = "$(TARGET_NAME)";
				SWIFT_VERSION = 5.0;
				TARGETED_DEVICE_FAMILY = "1,2";
			};
			name = Release;
		};
/* End XCBuildConfiguration section */

/* Begin XCConfigurationList section */
		1A54FC6FCF05AB3ED7F68B20 /* Build configuration list for PBXNativeTarget "lab1_t1-2" */ = {
			isa = XCConfigurationList;
			buildConfigurations = (
				1A54F93BE8F58D4E8F04643B /* Debug */,
				1A54FEDDBAF295D2BA41B1D6 /* Release */,
			);
			defaultConfigurationIsVisible = 0;
		};
		1A54FFE90EE83F20A5E8D6F1 /* Build configuration list for PBXProject "lab1_t1-2" */ = {
			isa = XCConfigurationList;
			buildConfigurations = (
				1A54F9F2E9FEE2EE285BC45E /* Debug */,
				1A54F469BEA03C96A3623208 /* Release */,
			);
			defaultConfigurationIsVisible = 0;
			defaultConfigurationName = Release;
		};
/* End XCConfigurationList section */
	};
	rootObject = 1A54F6E22BD7E7C37C5F2866 /* Project object */;
}
